
Microsoft Visual Studio Solution File, Format Version 12.00
# Visual Studio 15
Project("{FAE04EC0-301F-11D3-BF4B-00C04F79EFBC}") = "Assembly-CSharp", "Assembly-CSharp.csproj", "{07F628E1-76C1-FF81-04D1-9BCF155A56D5}"
EndProject
Project("{FAE04EC0-301F-11D3-BF4B-00C04F79EFBC}") = "Assembly-CSharp-Editor", "Assembly-CSharp-Editor.csproj", "{8A919DF6-5FE7-91A3-A5AD-95ACB10A15BF}"
EndProject
Global
	GlobalSection(SolutionConfigurationPlatforms) = preSolution
		Debug|Any CPU = Debug|Any CPU
		Release|Any CPU = Release|Any CPU
	EndGlobalSection
	GlobalSection(ProjectConfigurationPlatforms) = postSolution
		{07F628E1-76C1-FF81-04D1-9BCF155A56D5}.Debug|Any CPU.ActiveCfg = Debug|Any CPU
		{07F628E1-76C1-FF81-04D1-9BCF155A56D5}.Debug|Any CPU.Build.0 = Debug|Any CPU
		{07F628E1-76C1-FF81-04D1-9BCF155A56D5}.Release|Any CPU.ActiveCfg = Release|Any CPU
		{07F628E1-76C1-FF81-04D1-9BCF155A56D5}.Release|Any CPU.Build.0 = Release|Any CPU
		{8A919DF6-5FE7-91A3-A5AD-95ACB10A15BF}.Debug|Any CPU.ActiveCfg = Debug|Any CPU
		{8A919DF6-5FE7-91A3-A5AD-95ACB10A15BF}.Debug|Any CPU.Build.0 = Debug|Any CPU
		{8A919DF6-5FE7-91A3-A5AD-95ACB10A15BF}.Release|Any CPU.ActiveCfg = Release|Any CPU
		{8A919DF6-5FE7-91A3-A5AD-95ACB10A15BF}.Release|Any CPU.Build.0 = Release|Any CPU
	EndGlobalSection
	GlobalSection(SolutionProperties) = preSolution
		HideSolutionNode = FALSE
	EndGlobalSection
EndGlobal
